
Microsoft Visual Studio Solution File, Format Version 12.00
# Visual Studio Version 17
VisualStudioVersion = 17.8.34511.84
MinimumVisualStudioVersion = 10.0.40219.1
Project("{FAE04EC0-301F-11D3-BF4B-00C04F79EFBC}") = "consegna-backend-u1-s3-l3", "consegna-backend-u1-s3-l3\consegna-backend-u1-s3-l3.csproj", "{424DA5A5-04C0-482A-8206-92CCF63DD386}"
EndProject
Global
	GlobalSection(SolutionConfigurationPlatforms) = preSolution
		Debug|Any CPU = Debug|Any CPU
		Release|Any CPU = Release|Any CPU
	EndGlobalSection
	GlobalSection(ProjectConfigurationPlatforms) = postSolution
		{424DA5A5-04C0-482A-8206-92CCF63DD386}.Debug|Any CPU.ActiveCfg = Debug|Any CPU
		{424DA5A5-04C0-482A-8206-92CCF63DD386}.Debug|Any CPU.Build.0 = Debug|Any CPU
		{424DA5A5-04C0-482A-8206-92CCF63DD386}.Release|Any CPU.ActiveCfg = Release|Any CPU
		{424DA5A5-04C0-482A-8206-92CCF63DD386}.Release|Any CPU.Build.0 = Release|Any CPU
	EndGlobalSection
	GlobalSection(SolutionProperties) = preSolution
		HideSolutionNode = FALSE
	EndGlobalSection
	GlobalSection(ExtensibilityGlobals) = postSolution
		SolutionGuid = {49EC97D9-14BA-4284-9DF9-0E7E94B3B940}
	EndGlobalSection
EndGlobal
